
Microsoft Visual Studio Solution File, Format Version 12.00
# Visual Studio Version 17
VisualStudioVersion = 17.8.34408.163
MinimumVisualStudioVersion = 10.0.40219.1
Project("{9A19103F-16F7-4668-BE54-9A1E7A4F7556}") = "FormulaEvaluator", "FormulaEvaluator\FormulaEvaluator.csproj", "{19333F59-3B89-4109-AF30-13BEAF60BF9B}"
EndProject
Project("{9A19103F-16F7-4668-BE54-9A1E7A4F7556}") = "FormulaEvaluatorTester", "FormulaEvaluatorTester\FormulaEvaluatorTester.csproj", "{4A021909-F369-4260-9BFB-76BA1E9DFF41}"
EndProject
Project("{2150E333-8FDC-42A3-9474-1A3956D46DE8}") = "Solution Items", "Solution Items", "{DB3E6105-1DB8-43FA-8CD2-137E9A4536A3}"
	ProjectSection(SolutionItems) = preProject
		README.md = README.md
	EndProjectSection
EndProject
Project("{FAE04EC0-301F-11D3-BF4B-00C04F79EFBC}") = "DependencyGraph", "DependencyGraph\DependencyGraph.csproj", "{F9D87A4D-5138-4CC9-A12A-AC09BC58930A}"
EndProject
Project("{FAE04EC0-301F-11D3-BF4B-00C04F79EFBC}") = "DependencyGraphTests", "DependencyGraphTests\DependencyGraphTests.csproj", "{C2372A12-FF9D-4A04-93E8-337E523FC452}"
	ProjectSection(ProjectDependencies) = postProject
		{F9D87A4D-5138-4CC9-A12A-AC09BC58930A} = {F9D87A4D-5138-4CC9-A12A-AC09BC58930A}
	EndProjectSection
EndProject
Global
	GlobalSection(SolutionConfigurationPlatforms) = preSolution
		Debug|Any CPU = Debug|Any CPU
		Release|Any CPU = Release|Any CPU
	EndGlobalSection
	GlobalSection(ProjectConfigurationPlatforms) = postSolution
		{19333F59-3B89-4109-AF30-13BEAF60BF9B}.Debug|Any CPU.ActiveCfg = Debug|Any CPU
		{19333F59-3B89-4109-AF30-13BEAF60BF9B}.Debug|Any CPU.Build.0 = Debug|Any CPU
		{19333F59-3B89-4109-AF30-13BEAF60BF9B}.Release|Any CPU.ActiveCfg = Release|Any CPU
		{19333F59-3B89-4109-AF30-13BEAF60BF9B}.Release|Any CPU.Build.0 = Release|Any CPU
		{4A021909-F369-4260-9BFB-76BA1E9DFF41}.Debug|Any CPU.ActiveCfg = Debug|Any CPU
		{4A021909-F369-4260-9BFB-76BA1E9DFF41}.Debug|Any CPU.Build.0 = Debug|Any CPU
		{4A021909-F369-4260-9BFB-76BA1E9DFF41}.Release|Any CPU.ActiveCfg = Release|Any CPU
		{4A021909-F369-4260-9BFB-76BA1E9DFF41}.Release|Any CPU.Build.0 = Release|Any CPU
		{F9D87A4D-5138-4CC9-A12A-AC09BC58930A}.Debug|Any CPU.ActiveCfg = Debug|Any CPU
		{F9D87A4D-5138-4CC9-A12A-AC09BC58930A}.Debug|Any CPU.Build.0 = Debug|Any CPU
		{F9D87A4D-5138-4CC9-A12A-AC09BC58930A}.Release|Any CPU.ActiveCfg = Release|Any CPU
		{F9D87A4D-5138-4CC9-A12A-AC09BC58930A}.Release|Any CPU.Build.0 = Release|Any CPU
		{C2372A12-FF9D-4A04-93E8-337E523FC452}.Debug|Any CPU.ActiveCfg = Debug|Any CPU
		{C2372A12-FF9D-4A04-93E8-337E523FC452}.Debug|Any CPU.Build.0 = Debug|Any CPU
		{C2372A12-FF9D-4A04-93E8-337E523FC452}.Release|Any CPU.ActiveCfg = Release|Any CPU
		{C2372A12-FF9D-4A04-93E8-337E523FC452}.Release|Any CPU.Build.0 = Release|Any CPU
	EndGlobalSection
	GlobalSection(SolutionProperties) = preSolution
		HideSolutionNode = FALSE
	EndGlobalSection
	GlobalSection(ExtensibilityGlobals) = postSolution
		SolutionGuid = {5969478C-2D9B-4DE4-80D6-2AF606517AE9}
	EndGlobalSection
EndGlobal
